
Microsoft Visual Studio Solution File, Format Version 12.00
# Visual Studio Version 16
VisualStudioVersion = 16.0.30711.63
MinimumVisualStudioVersion = 10.0.40219.1
Project("{9A19103F-16F7-4668-BE54-9A1E7A4F7556}") = "TechTestConsole", "TechTestConsole\TechTestConsole.csproj", "{76E306A3-B8F3-4324-9F30-5555D7AD2998}"
EndProject
Global
	GlobalSection(SolutionConfigurationPlatforms) = preSolution
		Debug|Any CPU = Debug|Any CPU
		Release|Any CPU = Release|Any CPU
	EndGlobalSection
	GlobalSection(ProjectConfigurationPlatforms) = postSolution
		{76E306A3-B8F3-4324-9F30-5555D7AD2998}.Debug|Any CPU.ActiveCfg = Debug|Any CPU
		{76E306A3-B8F3-4324-9F30-5555D7AD2998}.Debug|Any CPU.Build.0 = Debug|Any CPU
		{76E306A3-B8F3-4324-9F30-5555D7AD2998}.Release|Any CPU.ActiveCfg = Release|Any CPU
		{76E306A3-B8F3-4324-9F30-5555D7AD2998}.Release|Any CPU.Build.0 = Release|Any CPU
	EndGlobalSection
	GlobalSection(SolutionProperties) = preSolution
		HideSolutionNode = FALSE
	EndGlobalSection
	GlobalSection(ExtensibilityGlobals) = postSolution
		SolutionGuid = {91EB4364-6C24-45B4-86C0-9274BC88BD74}
	EndGlobalSection
EndGlobal
